
Microsoft Visual Studio Solution File, Format Version 12.00
# Visual Studio Version 17
VisualStudioVersion = 17.14.36310.24 d17.14
MinimumVisualStudioVersion = 10.0.40219.1
Project("{FAE04EC0-301F-11D3-BF4B-00C04F79EFBC}") = "WebApplication1", "WebApplication1\WebApplication1.csproj", "{82F4A588-E854-40D0-9C43-B38A075AAEE4}"
EndProject
Project("{FAE04EC0-301F-11D3-BF4B-00C04F79EFBC}") = "TestProject1", "TestProject1\TestProject1.csproj", "{4766EC76-ACCC-4C73-95E8-14CEDEB358AF}"
EndProject
Global
	GlobalSection(SolutionConfigurationPlatforms) = preSolution
		Debug|Any CPU = Debug|Any CPU
		Release|Any CPU = Release|Any CPU
	EndGlobalSection
	GlobalSection(ProjectConfigurationPlatforms) = postSolution
		{82F4A588-E854-40D0-9C43-B38A075AAEE4}.Debug|Any CPU.ActiveCfg = Debug|Any CPU
		{82F4A588-E854-40D0-9C43-B38A075AAEE4}.Debug|Any CPU.Build.0 = Debug|Any CPU
		{82F4A588-E854-40D0-9C43-B38A075AAEE4}.Release|Any CPU.ActiveCfg = Release|Any CPU
		{82F4A588-E854-40D0-9C43-B38A075AAEE4}.Release|Any CPU.Build.0 = Release|Any CPU
		{4766EC76-ACCC-4C73-95E8-14CEDEB358AF}.Debug|Any CPU.ActiveCfg = Debug|Any CPU
		{4766EC76-ACCC-4C73-95E8-14CEDEB358AF}.Debug|Any CPU.Build.0 = Debug|Any CPU
		{4766EC76-ACCC-4C73-95E8-14CEDEB358AF}.Release|Any CPU.ActiveCfg = Release|Any CPU
		{4766EC76-ACCC-4C73-95E8-14CEDEB358AF}.Release|Any CPU.Build.0 = Release|Any CPU
	EndGlobalSection
	GlobalSection(SolutionProperties) = preSolution
		HideSolutionNode = FALSE
	EndGlobalSection
	GlobalSection(ExtensibilityGlobals) = postSolution
		SolutionGuid = {E6264187-1C50-4A59-A4FC-EFE3275A8B82}
	EndGlobalSection
EndGlobal
